// !$*UTF8*$!
{
	archiveVersion = 1;
	classes = {
	};
	objectVersion = 55;
	objects = {

/* Begin PBXBuildFile section */
		846A9CD8277A745F007666EF /* AppDelegate.swift in Sources */ = {isa = PBXBuildFile; fileRef = 846A9CD7277A745F007666EF /* AppDelegate.swift */; };
		846A9CDA277A745F007666EF /* SceneDelegate.swift in Sources */ = {isa = PBXBuildFile; fileRef = 846A9CD9277A745F007666EF /* SceneDelegate.swift */; };
		846A9CDC277A745F007666EF /* ViewController.swift in Sources */ = {isa = PBXBuildFile; fileRef = 846A9CDB277A745F007666EF /* ViewController.swift */; };
		846A9CDF277A745F007666EF /* Main.storyboard in Resources */ = {isa = PBXBuildFile; fileRef = 846A9CDD277A745F007666EF /* Main.storyboard */; };
		846A9CE2277A745F007666EF /* MidsLab2.xcdatamodeld in Sources */ = {isa = PBXBuildFile; fileRef = 846A9CE0277A745F007666EF /* MidsLab2.xcdatamodeld */; };
		846A9CE4277A7460007666EF /* Assets.xcassets in Resources */ = {isa = PBXBuildFile; fileRef = 846A9CE3277A7460007666EF /* Assets.xcassets */; };
		846A9CE7277A7460007666EF /* LaunchScreen.storyboard in Resources */ = {isa = PBXBuildFile; fileRef = 846A9CE5277A7460007666EF /* LaunchScreen.storyboard */; };
		846A9CF2277A7460007666EF /* MidsLab2Tests.swift in Sources */ = {isa = PBXBuildFile; fileRef = 846A9CF1277A7460007666EF /* MidsLab2Tests.swift */; };
		846A9CFC277A7460007666EF /* MidsLab2UITests.swift in Sources */ = {isa = PBXBuildFile; fileRef = 846A9CFB277A7460007666EF /* MidsLab2UITests.swift */; };
		846A9CFE277A7460007666EF /* MidsLab2UITestsLaunchTests.swift in Sources */ = {isa = PBXBuildFile; fileRef = 846A9CFD277A7460007666EF /* MidsLab2UITestsLaunchTests.swift */; };
/* End PBXBuildFile section */

/* Begin PBXContainerItemProxy section */
		846A9CEE277A7460007666EF /* PBXContainerItemProxy */ = {
			isa = PBXContainerItemProxy;
			containerPortal = 846A9CCC277A745F007666EF /* Project object */;
			proxyType = 1;
			remoteGlobalIDString = 846A9CD3277A745F007666EF;
			remoteInfo = MidsLab2;
		};
		846A9CF8277A7460007666EF /* PBXContainerItemProxy */ = {
			isa = PBXContainerItemProxy;
			containerPortal = 846A9CCC277A745F007666EF /* Project object */;
			proxyType = 1;
			remoteGlobalIDString = 846A9CD3277A745F007666EF;
			remoteInfo = MidsLab2;
		};
/* End PBXContainerItemProxy section */

/* Begin PBXFileReference section */
		846A9CD4277A745F007666EF /* MidsLab2.app */ = {isa = PBXFileReference; explicitFileType = wrapper.application; includeInIndex = 0; path = MidsLab2.app; sourceTree = BUILT_PRODUCTS_DIR; };
		846A9CD7277A745F007666EF /* AppDelegate.swift */ = {isa = PBXFileReference; lastKnownFileType = sourcecode.swift; path = AppDelegate.swift; sourceTree = "<group>"; };
		846A9CD9277A745F007666EF /* SceneDelegate.swift */ = {isa = PBXFileReference; lastKnownFileType = sourcecode.swift; path = SceneDelegate.swift; sourceTree = "<group>"; };
		846A9CDB277A745F007666EF /* ViewController.swift */ = {isa = PBXFileReference; lastKnownFileType = sourcecode.swift; path = ViewController.swift; sourceTree = "<group>"; };
		846A9CDE277A745F007666EF /* Base */ = {isa = PBXFileReference; lastKnownFileType = file.storyboard; name = Base; path = Base.lproj/Main.storyboard; sourceTree = "<group>"; };
		846A9CE1277A745F007666EF /* MidsLab2.xcdatamodel */ = {isa = PBXFileReference; lastKnownFileType = wrapper.xcdatamodel; path = MidsLab2.xcdatamodel; sourceTree = "<group>"; };
		846A9CE3277A7460007666EF /* Assets.xcassets */ = {isa = PBXFileReference; lastKnownFileType = folder.assetcatalog; path = Assets.xcassets; sourceTree = "<group>"; };
		846A9CE6277A7460007666EF /* Base */ = {isa = PBXFileReference; lastKnownFileType = file.storyboard; name = Base; path = Base.lproj/LaunchScreen.storyboard; sourceTree = "<group>"; };
		846A9CE8277A7460007666EF /* Info.plist */ = {isa = PBXFileReference; lastKnownFileType = text.plist.xml; path = Info.plist; sourceTree = "<group>"; };
		846A9CED277A7460007666EF /* MidsLab2Tests.xctest */ = {isa = PBXFileReference; explicitFileType = wrapper.cfbundle; includeInIndex = 0; path = MidsLab2Tests.xctest; sourceTree = BUILT_PRODUCTS_DIR; };
		846A9CF1277A7460007666EF /* MidsLab2Tests.swift */ = {isa = PBXFileReference; lastKnownFileType = sourcecode.swift; path = MidsLab2Tests.swift; sourceTree = "<group>"; };
		846A9CF7277A7460007666EF /* MidsLab2UITests.xctest */ = {isa = PBXFileReference; explicitFileType = wrapper.cfbundle; includeInIndex = 0; path = MidsLab2UITests.xctest; sourceTree = BUILT_PRODUCTS_DIR; };
		846A9CFB277A7460007666EF /* MidsLab2UITests.swift */ = {isa = PBXFileReference; lastKnownFileType = sourcecode.swift; path = MidsLab2UITests.swift; sourceTree = "<group>"; };
		846A9CFD277A7460007666EF /* MidsLab2UITestsLaunchTests.swift */ = {isa = PBXFileReference; lastKnownFileType = sourcecode.swift; path = MidsLab2UITestsLaunchTests.swift; sourceTree = "<group>"; };
/* End PBXFileReference section */

/* Begin PBXFrameworksBuildPhase section */
		846A9CD1277A745F007666EF /* Frameworks */ = {
			isa = PBXFrameworksBuildPhase;
			buildActionMask = 2147483647;
			files = (
			);
			runOnlyForDeploymentPostprocessing = 0;
		};
		846A9CEA277A7460007666EF /* Frameworks */ = {
			isa = PBXFrameworksBuildPhase;
			buildActionMask = 2147483647;
			files = (
			);
			runOnlyForDeploymentPostprocessing = 0;
		};
		846A9CF4277A7460007666EF /* Frameworks */ = {
			isa = PBXFrameworksBuildPhase;
			buildActionMask = 2147483647;
			files = (
			);
			runOnlyForDeploymentPostprocessing = 0;
		};
/* End PBXFrameworksBuildPhase section */

/* Begin PBXGroup section */
		846A9CCB277A745F007666EF = {
			isa = PBXGroup;
			children = (
				846A9CD6277A745F007666EF /* MidsLab2 */,
				846A9CF0277A7460007666EF /* MidsLab2Tests */,
				846A9CFA277A7460007666EF /* MidsLab2UITests */,
				846A9CD5277A745F007666EF /* Products */,
			);
			sourceTree = "<group>";
		};
		846A9CD5277A745F007666EF /* Products */ = {
			isa = PBXGroup;
			children = (
				846A9CD4277A745F007666EF /* MidsLab2.app */,
				846A9CED277A7460007666EF /* MidsLab2Tests.xctest */,
				846A9CF7277A7460007666EF /* MidsLab2UITests.xctest */,
			);
			name = Products;
			sourceTree = "<group>";
		};
		846A9CD6277A745F007666EF /* MidsLab2 */ = {
			isa = PBXGroup;
			children = (
				846A9CD7277A745F007666EF /* AppDelegate.swift */,
				846A9CD9277A745F007666EF /* SceneDelegate.swift */,
				846A9CDB277A745F007666EF /* ViewController.swift */,
				846A9CDD277A745F007666EF /* Main.storyboard */,
				846A9CE3277A7460007666EF /* Assets.xcassets */,
				846A9CE5277A7460007666EF /* LaunchScreen.storyboard */,
				846A9CE8277A7460007666EF /* Info.plist */,
				846A9CE0277A745F007666EF /* MidsLab2.xcdatamodeld */,
			);
			path = MidsLab2;
			sourceTree = "<group>";
		};
		846A9CF0277A7460007666EF /* MidsLab2Tests */ = {
			isa = PBXGroup;
			children = (
				846A9CF1277A7460007666EF /* MidsLab2Tests.swift */,
			);
			path = MidsLab2Tests;
			sourceTree = "<group>";
		};
		846A9CFA277A7460007666EF /* MidsLab2UITests */ = {
			isa = PBXGroup;
			children = (
				846A9CFB277A7460007666EF /* MidsLab2UITests.swift */,
				846A9CFD277A7460007666EF /* MidsLab2UITestsLaunchTests.swift */,
			);
			path = MidsLab2UITests;
			sourceTree = "<group>";
		};
/* End PBXGroup section */

/* Begin PBXNativeTarget section */
		846A9CD3277A745F007666EF /* MidsLab2 */ = {
			isa = PBXNativeTarget;
			buildConfigurationList = 846A9D01277A7460007666EF /* Build configuration list for PBXNativeTarget "MidsLab2" */;
			buildPhases = (
				846A9CD0277A745F007666EF /* Sources */,
				846A9CD1277A745F007666EF /* Frameworks */,
				846A9CD2277A745F007666EF /* Resources */,
			);
			buildRules = (
			);
			dependencies = (
			);
			name = MidsLab2;
			productName = MidsLab2;
			productReference = 846A9CD4277A745F007666EF /* MidsLab2.app */;
			productType = "com.apple.product-type.application";
		};
		846A9CEC277A7460007666EF /* MidsLab2Tests */ = {
			isa = PBXNativeTarget;
			buildConfigurationList = 846A9D04277A7460007666EF /* Build configuration list for PBXNativeTarget "MidsLab2Tests" */;
			buildPhases = (
				846A9CE9277A7460007666EF /* Sources */,
				846A9CEA277A7460007666EF /* Frameworks */,
				846A9CEB277A7460007666EF /* Resources */,
			);
			buildRules = (
			);
			dependencies = (
				846A9CEF277A7460007666EF /* PBXTargetDependency */,
			);
			name = MidsLab2Tests;
			productName = MidsLab2Tests;
			productReference = 846A9CED277A7460007666EF /* MidsLab2Tests.xctest */;
			productType = "com.apple.product-type.bundle.unit-test";
		};
		846A9CF6277A7460007666EF /* MidsLab2UITests */ = {
			isa = PBXNativeTarget;
			buildConfigurationList = 846A9D07277A7460007666EF /* Build configuration list for PBXNativeTarget "MidsLab2UITests" */;
			buildPhases = (
				846A9CF3277A7460007666EF /* Sources */,
				846A9CF4277A7460007666EF /* Frameworks */,
				846A9CF5277A7460007666EF /* Resources */,
			);
			buildRules = (
			);
			dependencies = (
				846A9CF9277A7460007666EF /* PBXTargetDependency */,
			);
			name = MidsLab2UITests;
			productName = MidsLab2UITests;
			productReference = 846A9CF7277A7460007666EF /* MidsLab2UITests.xctest */;
			productType = "com.apple.product-type.bundle.ui-testing";
		};
/* End PBXNativeTarget section */

/* Begin PBXProject section */
		846A9CCC277A745F007666EF /* Project object */ = {
			isa = PBXProject;
			attributes = {
				BuildIndependentTargetsInParallel = 1;
				LastSwiftUpdateCheck = 1320;
				LastUpgradeCheck = 1320;
				TargetAttributes = {
					846A9CD3277A745F007666EF = {
						CreatedOnToolsVersion = 13.2;
					};
					846A9CEC277A7460007666EF = {
						CreatedOnToolsVersion = 13.2;
						TestTargetID = 846A9CD3277A745F007666EF;
					};
					846A9CF6277A7460007666EF = {
						CreatedOnToolsVersion = 13.2;
						TestTargetID = 846A9CD3277A745F007666EF;
					};
				};
			};
			buildConfigurationList = 846A9CCF277A745F007666EF /* Build configuration list for PBXProject "MidsLab2" */;
			compatibilityVersion = "Xcode 13.0";
			developmentRegion = en;
			hasScannedForEncodings = 0;
			knownRegions = (
				en,
				Base,
			);
			mainGroup = 846A9CCB277A745F007666EF;
			productRefGroup = 846A9CD5277A745F007666EF /* Products */;
			projectDirPath = "";
			projectRoot = "";
			targets = (
				846A9CD3277A745F007666EF /* MidsLab2 */,
				846A9CEC277A7460007666EF /* MidsLab2Tests */,
				846A9CF6277A7460007666EF /* MidsLab2UITests */,
			);
		};
/* End PBXProject section */

/* Begin PBXResourcesBuildPhase section */
		846A9CD2277A745F007666EF /* Resources */ = {
			isa = PBXResourcesBuildPhase;
			buildActionMask = 2147483647;
			files = (
				846A9CE7277A7460007666EF /* LaunchScreen.storyboard in Resources */,
				846A9CE4277A7460007666EF /* Assets.xcassets in Resources */,
				846A9CDF277A745F007666EF /* Main.storyboard in Resources */,
			);
			runOnlyForDeploymentPostprocessing = 0;
		};
		846A9CEB277A7460007666EF /* Resources */ = {
			isa = PBXResourcesBuildPhase;
			buildActionMask = 2147483647;
			files = (
			);
			runOnlyForDeploymentPostprocessing = 0;
		};
		846A9CF5277A7460007666EF /* Resources */ = {
			isa = PBXResourcesBuildPhase;
			buildActionMask = 2147483647;
			files = (
			);
			runOnlyForDeploymentPostprocessing = 0;
		};
/* End PBXResourcesBuildPhase section */

/* Begin PBXSourcesBuildPhase section */
		846A9CD0277A745F007666EF /* Sources */ = {
			isa = PBXSourcesBuildPhase;
			buildActionMask = 2147483647;
			files = (
				846A9CDC277A745F007666EF /* ViewController.swift in Sources */,
				846A9CD8277A745F007666EF /* AppDelegate.swift in Sources */,
				846A9CDA277A745F007666EF /* SceneDelegate.swift in Sources */,
				846A9CE2277A745F007666EF /* MidsLab2.xcdatamodeld in Sources */,
			);
			runOnlyForDeploymentPostprocessing = 0;
		};
		846A9CE9277A7460007666EF /* Sources */ = {
			isa = PBXSourcesBuildPhase;
			buildActionMask = 2147483647;
			files = (
				846A9CF2277A7460007666EF /* MidsLab2Tests.swift in Sources */,
			);
			runOnlyForDeploymentPostprocessing = 0;
		};
		846A9CF3277A7460007666EF /* Sources */ = {
			isa = PBXSourcesBuildPhase;
			buildActionMask = 2147483647;
			files = (
				846A9CFE277A7460007666EF /* MidsLab2UITestsLaunchTests.swift in Sources */,
				846A9CFC277A7460007666EF /* MidsLab2UITests.swift in Sources */,
			);
			runOnlyForDeploymentPostprocessing = 0;
		};
/* End PBXSourcesBuildPhase section */

/* Begin PBXTargetDependency section */
		846A9CEF277A7460007666EF /* PBXTargetDependency */ = {
			isa = PBXTargetDependency;
			target = 846A9CD3277A745F007666EF /* MidsLab2 */;
			targetProxy = 846A9CEE277A7460007666EF /* PBXContainerItemProxy */;
		};
		846A9CF9277A7460007666EF /* PBXTargetDependency */ = {
			isa = PBXTargetDependency;
			target = 846A9CD3277A745F007666EF /* MidsLab2 */;
			targetProxy = 846A9CF8277A7460007666EF /* PBXContainerItemProxy */;
		};
/* End PBXTargetDependency section */

/* Begin PBXVariantGroup section */
		846A9CDD277A745F007666EF /* Main.storyboard */ = {
			isa = PBXVariantGroup;
			children = (
				846A9CDE277A745F007666EF /* Base */,
			);
			name = Main.storyboard;
			sourceTree = "<group>";
		};
		846A9CE5277A7460007666EF /* LaunchScreen.storyboard */ = {
			isa = PBXVariantGroup;
			children = (
				846A9CE6277A7460007666EF /* Base */,
			);
			name = LaunchScreen.storyboard;
			sourceTree = "<group>";
		};
/* End PBXVariantGroup section */

/* Begin XCBuildConfiguration section */
		846A9CFF277A7460007666EF /* Debug */ = {
			isa = XCBuildConfiguration;
			buildSettings = {
				ALWAYS_SEARCH_USER_PATHS = NO;
				CLANG_ANALYZER_NONNULL = YES;
				CLANG_ANALYZER_NUMBER_OBJECT_CONVERSION = YES_AGGRESSIVE;
				CLANG_CXX_LANGUAGE_STANDARD = "gnu++17";
				CLANG_CXX_LIBRARY = "libc++";
				CLANG_ENABLE_MODULES = YES;
				CLANG_ENABLE_OBJC_ARC = YES;
				CLANG_ENABLE_OBJC_WEAK = YES;
				CLANG_WARN_BLOCK_CAPTURE_AUTORELEASING = YES;
				CLANG_WARN_BOOL_CONVERSION = YES;
				CLANG_WARN_COMMA = YES;
				CLANG_WARN_CONSTANT_CONVERSION = YES;
				CLANG_WARN_DEPRECATED_OBJC_IMPLEMENTATIONS = YES;
				CLANG_WARN_DIRECT_OBJC_ISA_USAGE = YES_ERROR;
				CLANG_WARN_DOCUMENTATION_COMMENTS = YES;
				CLANG_WARN_EMPTY_BODY = YES;
				CLANG_WARN_ENUM_CONVERSION = YES;
				CLANG_WARN_INFINITE_RECURSION = YES;
				CLANG_WARN_INT_CONVERSION = YES;
				CLANG_WARN_NON_LITERAL_NULL_CONVERSION = YES;
				CLANG_WARN_OBJC_IMPLICIT_RETAIN_SELF = YES;
				CLANG_WARN_OBJC_LITERAL_CONVERSION = YES;
				CLANG_WARN_OBJC_ROOT_CLASS = YES_ERROR;
				CLANG_WARN_QUOTED_INCLUDE_IN_FRAMEWORK_HEADER = YES;
				CLANG_WARN_RANGE_LOOP_ANALYSIS = YES;
				CLANG_WARN_STRICT_PROTOTYPES = YES;
				CLANG_WARN_SUSPICIOUS_MOVE = YES;
				CLANG_WARN_UNGUARDED_AVAILABILITY = YES_AGGRESSIVE;
				CLANG_WARN_UNREACHABLE_CODE = YES;
				CLANG_WARN__DUPLICATE_METHOD_MATCH = YES;
				COPY_PHASE_STRIP = NO;
				DEBUG_INFORMATION_FORMAT = dwarf;
				ENABLE_STRICT_OBJC_MSGSEND = YES;
				ENABLE_TESTABILITY = YES;
				GCC_C_LANGUAGE_STANDARD = gnu11;
				GCC_DYNAMIC_NO_PIC = NO;
				GCC_NO_COMMON_BLOCKS = YES;
				GCC_OPTIMIZATION_LEVEL = 0;
				GCC_PREPROCESSOR_DEFINITIONS = (
					"DEBUG=1",
					"$(inherited)",
				);
				GCC_WARN_64_TO_32_BIT_CONVERSION = YES;
				GCC_WARN_ABOUT_RETURN_TYPE = YES_ERROR;
				GCC_WARN_UNDECLARED_SELECTOR = YES;
				GCC_WARN_UNINITIALIZED_AUTOS = YES_AGGRESSIVE;
				GCC_WARN_UNUSED_FUNCTION = YES;
				GCC_WARN_UNUSED_VARIABLE = YES;
				IPHONEOS_DEPLOYMENT_TARGET = 15.2;
				MTL_ENABLE_DEBUG_INFO = INCLUDE_SOURCE;
				MTL_FAST_MATH = YES;
				ONLY_ACTIVE_ARCH = YES;
				SDKROOT = iphoneos;
				SWIFT_ACTIVE_COMPILATION_CONDITIONS = DEBUG;
				SWIFT_OPTIMIZATION_LEVEL = "-Onone";
			};
			name = Debug;
		};
		846A9D00277A7460007666EF /* Release */ = {
			isa = XCBuildConfiguration;
			buildSettings = {
				ALWAYS_SEARCH_USER_PATHS = NO;
				CLANG_ANALYZER_NONNULL = YES;
				CLANG_ANALYZER_NUMBER_OBJECT_CONVERSION = YES_AGGRESSIVE;
				CLANG_CXX_LANGUAGE_STANDARD = "gnu++17";
				CLANG_CXX_LIBRARY = "libc++";
				CLANG_ENABLE_MODULES = YES;
				CLANG_ENABLE_OBJC_ARC = YES;
				CLANG_ENABLE_OBJC_WEAK = YES;
				CLANG_WARN_BLOCK_CAPTURE_AUTORELEASING = YES;
				CLANG_WARN_BOOL_CONVERSION = YES;
				CLANG_WARN_COMMA = YES;
				CLANG_WARN_CONSTANT_CONVERSION = YES;
				CLANG_WARN_DEPRECATED_OBJC_IMPLEMENTATIONS = YES;
				CLANG_WARN_DIRECT_OBJC_ISA_USAGE = YES_ERROR;
				CLANG_WARN_DOCUMENTATION_COMMENTS = YES;
				CLANG_WARN_EMPTY_BODY = YES;
				CLANG_WARN_ENUM_CONVERSION = YES;
				CLANG_WARN_INFINITE_RECURSION = YES;
				CLANG_WARN_INT_CONVERSION = YES;
				CLANG_WARN_NON_LITERAL_NULL_CONVERSION = YES;
				CLANG_WARN_OBJC_IMPLICIT_RETAIN_SELF = YES;
				CLANG_WARN_OBJC_LITERAL_CONVERSION = YES;
				CLANG_WARN_OBJC_ROOT_CLASS = YES_ERROR;
				CLANG_WARN_QUOTED_INCLUDE_IN_FRAMEWORK_HEADER = YES;
				CLANG_WARN_RANGE_LOOP_ANALYSIS = YES;
				CLANG_WARN_STRICT_PROTOTYPES = YES;
				CLANG_WARN_SUSPICIOUS_MOVE = YES;
				CLANG_WARN_UNGUARDED_AVAILABILITY = YES_AGGRESSIVE;
				CLANG_WARN_UNREACHABLE_CODE = YES;
				CLANG_WARN__DUPLICATE_METHOD_MATCH = YES;
				COPY_PHASE_STRIP = NO;
				DEBUG_INFORMATION_FORMAT = "dwarf-with-dsym";
				ENABLE_NS_ASSERTIONS = NO;
				ENABLE_STRICT_OBJC_MSGSEND = YES;
				GCC_C_LANGUAGE_STANDARD = gnu11;
				GCC_NO_COMMON_BLOCKS = YES;
				GCC_WARN_64_TO_32_BIT_CONVERSION = YES;
				GCC_WARN_ABOUT_RETURN_TYPE = YES_ERROR;
				GCC_WARN_UNDECLARED_SELECTOR = YES;
				GCC_WARN_UNINITIALIZED_AUTOS = YES_AGGRESSIVE;
				GCC_WARN_UNUSED_FUNCTION = YES;
				GCC_WARN_UNUSED_VARIABLE = YES;
				IPHONEOS_DEPLOYMENT_TARGET = 15.2;
				MTL_ENABLE_DEBUG_INFO = NO;
				MTL_FAST_MATH = YES;
				SDKROOT = iphoneos;
				SWIFT_COMPILATION_MODE = wholemodule;
				SWIFT_OPTIMIZATION_LEVEL = "-O";
				VALIDATE_PRODUCT = YES;
			};
			name = Release;
		};
		846A9D02277A7460007666EF /* Debug */ = {
			isa = XCBuildConfiguration;
			buildSettings = {
				ASSETCATALOG_COMPILER_APPICON_NAME = AppIcon;
				ASSETCATALOG_COMPILER_GLOBAL_ACCENT_COLOR_NAME = AccentColor;
				CODE_SIGN_STYLE = Automatic;
				CURRENT_PROJECT_VERSION = 1;
				DEVELOPMENT_TEAM = QGNLP54Q5N;
				GENERATE_INFOPLIST_FILE = YES;
				INFOPLIST_FILE = MidsLab2/Info.plist;
				INFOPLIST_KEY_UIApplicationSupportsIndirectInputEvents = YES;
				INFOPLIST_KEY_UILaunchStoryboardName = LaunchScreen;
				INFOPLIST_KEY_UIMainStoryboardFile = Main;
				INFOPLIST_KEY_UISupportedInterfaceOrientations_iPad = "UIInterfaceOrientationPortrait UIInterfaceOrientationPortraitUpsideDown UIInterfaceOrientationLandscapeLeft UIInterfaceOrientationLandscapeRight";
				INFOPLIST_KEY_UISupportedInterfaceOrientations_iPhone = "UIInterfaceOrientationPortrait UIInterfaceOrientationLandscapeLeft UIInterfaceOrientationLandscapeRight";
				LD_RUNPATH_SEARCH_PATHS = (
					"$(inherited)",
					"@executable_path/Frameworks",
				);
				MARKETING_VERSION = 1.0;
				PRODUCT_BUNDLE_IDENTIFIER = com.lod.MidsLab2;
				PRODUCT_NAME = "$(TARGET_NAME)";
				SWIFT_EMIT_LOC_STRINGS = YES;
				SWIFT_VERSION = 5.0;
				TARGETED_DEVICE_FAMILY = "1,2";
			};
			name = Debug;
		};
		846A9D03277A7460007666EF /* Release */ = {
			isa = XCBuildConfiguration;
			buildSettings = {
				ASSETCATALOG_COMPILER_APPICON_NAME = AppIcon;
				ASSETCATALOG_COMPILER_GLOBAL_ACCENT_COLOR_NAME = AccentColor;
				CODE_SIGN_STYLE = Automatic;
				CURRENT_PROJECT_VERSION = 1;
				DEVELOPMENT_TEAM = QGNLP54Q5N;
				GENERATE_INFOPLIST_FILE = YES;
				INFOPLIST_FILE = MidsLab2/Info.plist;
				INFOPLIST_KEY_UIApplicationSupportsIndirectInputEvents = YES;
				INFOPLIST_KEY_UILaunchStoryboardName = LaunchScreen;
				INFOPLIST_KEY_UIMainStoryboardFile = Main;
				INFOPLIST_KEY_UISupportedInterfaceOrientations_iPad = "UIInterfaceOrientationPortrait UIInterfaceOrientationPortraitUpsideDown UIInterfaceOrientationLandscapeLeft UIInterfaceOrientationLandscapeRight";
				INFOPLIST_KEY_UISupportedInterfaceOrientations_iPhone = "UIInterfaceOrientationPortrait UIInterfaceOrientationLandscapeLeft UIInterfaceOrientationLandscapeRight";
				LD_RUNPATH_SEARCH_PATHS = (
					"$(inherited)",
					"@executable_path/Frameworks",
				);
				MARKETING_VERSION = 1.0;
				PRODUCT_BUNDLE_IDENTIFIER = com.lod.MidsLab2;
				PRODUCT_NAME = "$(TARGET_NAME)";
				SWIFT_EMIT_LOC_STRINGS = YES;
				SWIFT_VERSION = 5.0;
				TARGETED_DEVICE_FAMILY = "1,2";
			};
			name = Release;
		};
		846A9D05277A7460007666EF /* Debug */ = {
			isa = XCBuildConfiguration;
			buildSettings = {
				ALWAYS_EMBED_SWIFT_STANDARD_LIBRARIES = YES;
				BUNDLE_LOADER = "$(TEST_HOST)";
				CODE_SIGN_STYLE = Automatic;
				CURRENT_PROJECT_VERSION = 1;
				DEVELOPMENT_TEAM = QGNLP54Q5N;
				GENERATE_INFOPLIST_FILE = YES;
				IPHONEOS_DEPLOYMENT_TARGET = 15.2;
				MARKETING_VERSION = 1.0;
				PRODUCT_BUNDLE_IDENTIFIER = com.lod.MidsLab2Tests;
				PRODUCT_NAME = "$(TARGET_NAME)";
				SWIFT_EMIT_LOC_STRINGS = NO;
				SWIFT_VERSION = 5.0;
				TARGETED_DEVICE_FAMILY = "1,2";
				TEST_HOST = "$(BUILT_PRODUCTS_DIR)/MidsLab2.app/MidsLab2";
			};
			name = Debug;
		};
		846A9D06277A7460007666EF /* Release */ = {
			isa = XCBuildConfiguration;
			buildSettings = {
				ALWAYS_EMBED_SWIFT_STANDARD_LIBRARIES = YES;
				BUNDLE_LOADER = "$(TEST_HOST)";
				CODE_SIGN_STYLE = Automatic;
				CURRENT_PROJECT_VERSION = 1;
				DEVELOPMENT_TEAM = QGNLP54Q5N;
				GENERATE_INFOPLIST_FILE = YES;
				IPHONEOS_DEPLOYMENT_TARGET = 15.2;
				MARKETING_VERSION = 1.0;
				PRODUCT_BUNDLE_IDENTIFIER = com.lod.MidsLab2Tests;
				PRODUCT_NAME = "$(TARGET_NAME)";
				SWIFT_EMIT_LOC_STRINGS = NO;
				SWIFT_VERSION = 5.0;
				TARGETED_DEVICE_FAMILY = "1,2";
				TEST_HOST = "$(BUILT_PRODUCTS_DIR)/MidsLab2.app/MidsLab2";
			};
			name = Release;
		};
		846A9D08277A7460007666EF /* Debug */ = {
			isa = XCBuildConfiguration;
			buildSettings = {
				ALWAYS_EMBED_SWIFT_STANDARD_LIBRARIES = YES;
				CODE_SIGN_STYLE = Automatic;
				CURRENT_PROJECT_VERSION = 1;
				DEVELOPMENT_TEAM = QGNLP54Q5N;
				GENERATE_INFOPLIST_FILE = YES;
				MARKETING_VERSION = 1.0;
				PRODUCT_BUNDLE_IDENTIFIER = com.lod.MidsLab2UITests;
				PRODUCT_NAME = "$(TARGET_NAME)";
				SWIFT_EMIT_LOC_STRINGS = NO;
				SWIFT_VERSION = 5.0;
				TARGETED_DEVICE_FAMILY = "1,2";
				TEST_TARGET_NAME = MidsLab2;
			};
			name = Debug;
		};
		846A9D09277A7460007666EF /* Release */ = {
			isa = XCBuildConfiguration;
			buildSettings = {
				ALWAYS_EMBED_SWIFT_STANDARD_LIBRARIES = YES;
				CODE_SIGN_STYLE = Automatic;
				CURRENT_PROJECT_VERSION = 1;
				DEVELOPMENT_TEAM = QGNLP54Q5N;
				GENERATE_INFOPLIST_FILE = YES;
				MARKETING_VERSION = 1.0;
				PRODUCT_BUNDLE_IDENTIFIER = com.lod.MidsLab2UITests;
				PRODUCT_NAME = "$(TARGET_NAME)";
				SWIFT_EMIT_LOC_STRINGS = NO;
				SWIFT_VERSION = 5.0;
				TARGETED_DEVICE_FAMILY = "1,2";
				TEST_TARGET_NAME = MidsLab2;
			};
			name = Release;
		};
/* End XCBuildConfiguration section */

/* Begin XCConfigurationList section */
		846A9CCF277A745F007666EF /* Build configuration list for PBXProject "MidsLab2" */ = {
			isa = XCConfigurationList;
			buildConfigurations = (
				846A9CFF277A7460007666EF /* Debug */,
				846A9D00277A7460007666EF /* Release */,
			);
			defaultConfigurationIsVisible = 0;
			defaultConfigurationName = Release;
		};
		846A9D01277A7460007666EF /* Build configuration list for PBXNativeTarget "MidsLab2" */ = {
			isa = XCConfigurationList;
			buildConfigurations = (
				846A9D02277A7460007666EF /* Debug */,
				846A9D03277A7460007666EF /* Release */,
			);
			defaultConfigurationIsVisible = 0;
			defaultConfigurationName = Release;
		};
		846A9D04277A7460007666EF /* Build configuration list for PBXNativeTarget "MidsLab2Tests" */ = {
			isa = XCConfigurationList;
			buildConfigurations = (
				846A9D05277A7460007666EF /* Debug */,
				846A9D06277A7460007666EF /* Release */,
			);
			defaultConfigurationIsVisible = 0;
			defaultConfigurationName = Release;
		};
		846A9D07277A7460007666EF /* Build configuration list for PBXNativeTarget "MidsLab2UITests" */ = {
			isa = XCConfigurationList;
			buildConfigurations = (
				846A9D08277A7460007666EF /* Debug */,
				846A9D09277A7460007666EF /* Release */,
			);
			defaultConfigurationIsVisible = 0;
			defaultConfigurationName = Release;
		};
/* End XCConfigurationList section */

/* Begin XCVersionGroup section */
		846A9CE0277A745F007666EF /* MidsLab2.xcdatamodeld */ = {
			isa = XCVersionGroup;
			children = (
				846A9CE1277A745F007666EF /* MidsLab2.xcdatamodel */,
			);
			currentVersion = 846A9CE1277A745F007666EF /* MidsLab2.xcdatamodel */;
			path = MidsLab2.xcdatamodeld;
			sourceTree = "<group>";
			versionGroupType = wrapper.xcdatamodel;
		};
/* End XCVersionGroup section */
	};
	rootObject = 846A9CCC277A745F007666EF /* Project object */;
}
